
Microsoft Visual Studio Solution File, Format Version 12.00
# Visual Studio 2012
Project("{FAE04EC0-301F-11D3-BF4B-00C04F79EFBC}") = "Hyde", "Hyde.csproj", "{477B0A58-983B-448A-9873-ABA5E452CCAC}"
EndProject
Global
	GlobalSection(SolutionConfigurationPlatforms) = preSolution
		Debug|Any CPU = Debug|Any CPU
		Release|Any CPU = Release|Any CPU
	EndGlobalSection
	GlobalSection(ProjectConfigurationPlatforms) = postSolution
		{477B0A58-983B-448A-9873-ABA5E452CCAC}.Debug|Any CPU.ActiveCfg = Debug|Any CPU
		{477B0A58-983B-448A-9873-ABA5E452CCAC}.Debug|Any CPU.Build.0 = Debug|Any CPU
		{477B0A58-983B-448A-9873-ABA5E452CCAC}.Release|Any CPU.ActiveCfg = Release|Any CPU
		{477B0A58-983B-448A-9873-ABA5E452CCAC}.Release|Any CPU.Build.0 = Release|Any CPU
	EndGlobalSection
	GlobalSection(SolutionProperties) = preSolution
		HideSolutionNode = FALSE
	EndGlobalSection
EndGlobal
